
Microsoft Visual Studio Solution File, Format Version 12.00
# Visual Studio Version 17
VisualStudioVersion = 17.3.32811.315
MinimumVisualStudioVersion = 10.0.40219.1
Project("{FAE04EC0-301F-11D3-BF4B-00C04F79EFBC}") = "ToastNotification", "ToastNotification\ToastNotification.csproj", "{6B199259-F64C-40F9-B804-1C147A24BF7C}"
EndProject
Global
	GlobalSection(SolutionConfigurationPlatforms) = preSolution
		Debug|Any CPU = Debug|Any CPU
		Release|Any CPU = Release|Any CPU
	EndGlobalSection
	GlobalSection(ProjectConfigurationPlatforms) = postSolution
		{6B199259-F64C-40F9-B804-1C147A24BF7C}.Debug|Any CPU.ActiveCfg = Debug|Any CPU
		{6B199259-F64C-40F9-B804-1C147A24BF7C}.Debug|Any CPU.Build.0 = Debug|Any CPU
		{6B199259-F64C-40F9-B804-1C147A24BF7C}.Release|Any CPU.ActiveCfg = Release|Any CPU
		{6B199259-F64C-40F9-B804-1C147A24BF7C}.Release|Any CPU.Build.0 = Release|Any CPU
	EndGlobalSection
	GlobalSection(SolutionProperties) = preSolution
		HideSolutionNode = FALSE
	EndGlobalSection
	GlobalSection(ExtensibilityGlobals) = postSolution
		SolutionGuid = {D55701FB-11B3-49C1-BE06-F2E25AEE678A}
	EndGlobalSection
EndGlobal
